
Microsoft Visual Studio Solution File, Format Version 12.00
# Visual Studio Version 17
VisualStudioVersion = 17.11.35222.181
MinimumVisualStudioVersion = 10.0.40219.1
Project("{9A19103F-16F7-4668-BE54-9A1E7A4F7556}") = "DataModel", "DataModel\DataModel.csproj", "{2EB56F17-1C5D-4026-85E3-CB909BF767E4}"
EndProject
Project("{9A19103F-16F7-4668-BE54-9A1E7A4F7556}") = "MinimaxView", "MinimaxView\MinimaxView.csproj", "{BECC931E-9139-4799-B5B6-F03D6C85F5F8}"
EndProject
Project("{9A19103F-16F7-4668-BE54-9A1E7A4F7556}") = "ConnectionConfig", "ConnectionConfig\ConnectionConfig.csproj", "{FC21CD01-A285-4FBC-A578-9C58F0CF44B2}"
EndProject
Project("{FAE04EC0-301F-11D3-BF4B-00C04F79EFBC}") = "MinimaxViewModel", "MinimaxViewModel\MinimaxViewModel.csproj", "{D7317CBC-57F2-4CCF-949A-EA92C7332451}"
EndProject
Project("{FAE04EC0-301F-11D3-BF4B-00C04F79EFBC}") = "ViewModelBase", "ViewModelBase\ViewModelBase.csproj", "{27ABF445-AC49-480C-92E2-B133D0C7B6AB}"
EndProject
Global
	GlobalSection(SolutionConfigurationPlatforms) = preSolution
		Debug|Any CPU = Debug|Any CPU
		Release|Any CPU = Release|Any CPU
	EndGlobalSection
	GlobalSection(ProjectConfigurationPlatforms) = postSolution
		{2EB56F17-1C5D-4026-85E3-CB909BF767E4}.Debug|Any CPU.ActiveCfg = Debug|Any CPU
		{2EB56F17-1C5D-4026-85E3-CB909BF767E4}.Debug|Any CPU.Build.0 = Debug|Any CPU
		{2EB56F17-1C5D-4026-85E3-CB909BF767E4}.Release|Any CPU.ActiveCfg = Release|Any CPU
		{2EB56F17-1C5D-4026-85E3-CB909BF767E4}.Release|Any CPU.Build.0 = Release|Any CPU
		{BECC931E-9139-4799-B5B6-F03D6C85F5F8}.Debug|Any CPU.ActiveCfg = Debug|Any CPU
		{BECC931E-9139-4799-B5B6-F03D6C85F5F8}.Debug|Any CPU.Build.0 = Debug|Any CPU
		{BECC931E-9139-4799-B5B6-F03D6C85F5F8}.Release|Any CPU.ActiveCfg = Release|Any CPU
		{BECC931E-9139-4799-B5B6-F03D6C85F5F8}.Release|Any CPU.Build.0 = Release|Any CPU
		{FC21CD01-A285-4FBC-A578-9C58F0CF44B2}.Debug|Any CPU.ActiveCfg = Debug|Any CPU
		{FC21CD01-A285-4FBC-A578-9C58F0CF44B2}.Debug|Any CPU.Build.0 = Debug|Any CPU
		{FC21CD01-A285-4FBC-A578-9C58F0CF44B2}.Release|Any CPU.ActiveCfg = Release|Any CPU
		{FC21CD01-A285-4FBC-A578-9C58F0CF44B2}.Release|Any CPU.Build.0 = Release|Any CPU
		{D7317CBC-57F2-4CCF-949A-EA92C7332451}.Debug|Any CPU.ActiveCfg = Debug|Any CPU
		{D7317CBC-57F2-4CCF-949A-EA92C7332451}.Debug|Any CPU.Build.0 = Debug|Any CPU
		{D7317CBC-57F2-4CCF-949A-EA92C7332451}.Release|Any CPU.ActiveCfg = Release|Any CPU
		{D7317CBC-57F2-4CCF-949A-EA92C7332451}.Release|Any CPU.Build.0 = Release|Any CPU
		{27ABF445-AC49-480C-92E2-B133D0C7B6AB}.Debug|Any CPU.ActiveCfg = Debug|Any CPU
		{27ABF445-AC49-480C-92E2-B133D0C7B6AB}.Debug|Any CPU.Build.0 = Debug|Any CPU
		{27ABF445-AC49-480C-92E2-B133D0C7B6AB}.Release|Any CPU.ActiveCfg = Release|Any CPU
		{27ABF445-AC49-480C-92E2-B133D0C7B6AB}.Release|Any CPU.Build.0 = Release|Any CPU
	EndGlobalSection
	GlobalSection(SolutionProperties) = preSolution
		HideSolutionNode = FALSE
	EndGlobalSection
	GlobalSection(ExtensibilityGlobals) = postSolution
		SolutionGuid = {C8589E67-BCDD-4579-B7D4-13248CF3CB4E}
	EndGlobalSection
EndGlobal
